
Microsoft Visual Studio Solution File, Format Version 12.00
# Visual Studio Version 16
VisualStudioVersion = 16.0.31205.134
MinimumVisualStudioVersion = 10.0.40219.1
Project("{FAE04EC0-301F-11D3-BF4B-00C04F79EFBC}") = "lab1_var20", "lab1_var20.csproj", "{62E0AD18-D2C0-4112-8913-4372575678B9}"
EndProject
Global
	GlobalSection(SolutionConfigurationPlatforms) = preSolution
		Debug|Any CPU = Debug|Any CPU
		Release|Any CPU = Release|Any CPU
	EndGlobalSection
	GlobalSection(ProjectConfigurationPlatforms) = postSolution
		{62E0AD18-D2C0-4112-8913-4372575678B9}.Debug|Any CPU.ActiveCfg = Debug|Any CPU
		{62E0AD18-D2C0-4112-8913-4372575678B9}.Debug|Any CPU.Build.0 = Debug|Any CPU
		{62E0AD18-D2C0-4112-8913-4372575678B9}.Release|Any CPU.ActiveCfg = Release|Any CPU
		{62E0AD18-D2C0-4112-8913-4372575678B9}.Release|Any CPU.Build.0 = Release|Any CPU
	EndGlobalSection
	GlobalSection(SolutionProperties) = preSolution
		HideSolutionNode = FALSE
	EndGlobalSection
	GlobalSection(ExtensibilityGlobals) = postSolution
		SolutionGuid = {38BF7915-BB8D-435C-B297-20909CD849AC}
	EndGlobalSection
EndGlobal
